
Microsoft Visual Studio Solution File, Format Version 12.00
# Visual Studio Version 16
VisualStudioVersion = 16.0.30330.147
MinimumVisualStudioVersion = 10.0.40219.1
Project("{FAE04EC0-301F-11D3-BF4B-00C04F79EFBC}") = "sumar", "sumar\sumar.csproj", "{61077683-BD69-43E3-B676-D58BBDA87962}"
EndProject
Global
	GlobalSection(SolutionConfigurationPlatforms) = preSolution
		Debug|Any CPU = Debug|Any CPU
		Release|Any CPU = Release|Any CPU
	EndGlobalSection
	GlobalSection(ProjectConfigurationPlatforms) = postSolution
		{61077683-BD69-43E3-B676-D58BBDA87962}.Debug|Any CPU.ActiveCfg = Debug|Any CPU
		{61077683-BD69-43E3-B676-D58BBDA87962}.Debug|Any CPU.Build.0 = Debug|Any CPU
		{61077683-BD69-43E3-B676-D58BBDA87962}.Release|Any CPU.ActiveCfg = Release|Any CPU
		{61077683-BD69-43E3-B676-D58BBDA87962}.Release|Any CPU.Build.0 = Release|Any CPU
	EndGlobalSection
	GlobalSection(SolutionProperties) = preSolution
		HideSolutionNode = FALSE
	EndGlobalSection
	GlobalSection(ExtensibilityGlobals) = postSolution
		SolutionGuid = {547E5786-CBD8-435C-B13B-3DF4387240DF}
	EndGlobalSection
EndGlobal
